#MicroXplorer Configuration settings - do not modify
BootLoader.IPs=DDR,RCC,SDMMC1,SDMMC2,QUADSPI,USB_OTG_HS
BootROM.IPs=RCC,SDMMC1,SDMMC2\:I,QUADSPI,USB_OTG_HS
CortexA7NS.IPs=BSEC,DDR\:I,ETZPC,HSEM\:I,PWR,RCC\:I,RTC,TAMP\:I,DMA\:I,GIC,SDMMC1\:I,SDMMC2,SDMMC3\:I,QUADSPI\:I,UART4\:I,ETH1\:I,DCMI\:I,LTDC\:I,I2S1\:I,SPI1\:I,GPU\:I,USBH_HS1\:I,FDCAN1\:I,USB_OTG_HS\:I,HDMI_CEC\:I,IPCC\:I,HDP\:I,I2C4\:I,DMA1\:I,MDMA_A7NS\:I
CortexA7S.IPs=BSEC\:I,DDR,ETZPC\:I,HSEM,PWR\:I,RCC,RNG1\:I,RTC\:I,TAMP,GIC\:I,MDMA_A7S\:I
CortexM4.IPs=IPCC,ETZPC,FREERTOS\:I,HSEM,PWR,RCC,SYS\:I,DMA,NVIC\:I,SPI4\:I,USART3\:I,I2C1\:I,I2C2\:I,DEBUG\:I,TIM8\:I,TIM5\:I,DAC1\:I,DMA2\:I
DAC1.DAC_Channel-DAC_OUT2=DAC_CHANNEL_2
DAC1.IPParameters=DAC_Channel-DAC_OUT2
DDR.CL=6
DDR.CWL=5
DDR.DDR_Frequency=400.0
DDR.DRAMTMG0=0x0F141B0F
DDR.DRAMTMG1=0x000A0415
DDR.DRAMTMG2=0x0506080E
DDR.DRAMTMG4=0x06040406
DDR.DRAMTMG5=0x05050403
DDR.DTPR0=0x2A8F66D0
DDR.DTPR1=0x096800A0
DDR.DTPR2=0x10022A00
DDR.IPParameters=DDR_Frequency,CL,RL,CWL,WL,addrmap_col_b10,addrmap_col_b11,addrmap_bank_b0,addrmap_bank_b1,addrmap_bank_b2,addrmap_row_b0,addrmap_row_b1,addrmap_row_b2_10,addrmap_row_b11,addrmap_row_b12,addrmap_row_b13,addrmap_row_b14,addrmap_row_b15,RFSHTMG,DRAMTMG0,DRAMTMG1,DRAMTMG2,DRAMTMG4,DRAMTMG5,SCHED,PTR0,PTR1,PTR2,DTPR0,DTPR1,DTPR2,MR0,MR2
DDR.MR0=0x00000420
DDR.MR2=0x00000200
DDR.PTR0=0x00220014
DDR.PTR1=0x03630D40
DDR.PTR2=0x042D3880
DDR.RFSHTMG=0x00610068
DDR.RL=6
DDR.SCHED=0x00000C01
DDR.WL=5
DDR.addrmap_bank_b0=8
DDR.addrmap_bank_b1=8
DDR.addrmap_bank_b2=8
DDR.addrmap_col_b10=31
DDR.addrmap_col_b11=31
DDR.addrmap_row_b0=7
DDR.addrmap_row_b1=7
DDR.addrmap_row_b11=7
DDR.addrmap_row_b12=7
DDR.addrmap_row_b13=7
DDR.addrmap_row_b14=7
DDR.addrmap_row_b15=15
DDR.addrmap_row_b2_10=7
DDR_A0.Mode=DDR3
DDR_A0.Signal=DDR_A0
DDR_A1.Mode=DDR3
DDR_A1.Signal=DDR_A1
DDR_A10.Mode=DDR3
DDR_A10.Signal=DDR_A10
DDR_A11.Mode=DDR3
DDR_A11.Signal=DDR_A11
DDR_A12.Mode=8Gb_32bits
DDR_A12.Signal=DDR_A12
DDR_A13.Mode=8Gb_32bits
DDR_A13.Signal=DDR_A13
DDR_A14.Mode=8Gb_32bits
DDR_A14.Signal=DDR_A14
DDR_A2.Mode=DDR3
DDR_A2.Signal=DDR_A2
DDR_A3.Mode=DDR3
DDR_A3.Signal=DDR_A3
DDR_A4.Mode=DDR3
DDR_A4.Signal=DDR_A4
DDR_A5.Mode=DDR3
DDR_A5.Signal=DDR_A5
DDR_A6.Mode=DDR3
DDR_A6.Signal=DDR_A6
DDR_A7.Mode=DDR3
DDR_A7.Signal=DDR_A7
DDR_A8.Mode=DDR3
DDR_A8.Signal=DDR_A8
DDR_A9.Mode=DDR3
DDR_A9.Signal=DDR_A9
DDR_ATO.Mode=DDR3
DDR_ATO.Signal=DDR_ATO
DDR_BA0.Mode=DDR3
DDR_BA0.Signal=DDR_BA0
DDR_BA1.Mode=DDR3
DDR_BA1.Signal=DDR_BA1
DDR_BA2.Mode=DDR3
DDR_BA2.Signal=DDR_BA2
DDR_CASN.Mode=DDR3
DDR_CASN.Signal=DDR_CASN
DDR_CKE.Mode=DDR3
DDR_CKE.Signal=DDR_CKE
DDR_CLKN.Mode=DDR3
DDR_CLKN.Signal=DDR_CLKN
DDR_CLKP.Mode=DDR3
DDR_CLKP.Signal=DDR_CLKP
DDR_CSN.Mode=DDR3
DDR_CSN.Signal=DDR_CSN
DDR_DQ0.Mode=DDR3
DDR_DQ0.Signal=DDR_DQ0
DDR_DQ1.Mode=DDR3
DDR_DQ1.Signal=DDR_DQ1
DDR_DQ10.Mode=DDR3
DDR_DQ10.Signal=DDR_DQ10
DDR_DQ11.Mode=DDR3
DDR_DQ11.Signal=DDR_DQ11
DDR_DQ12.Mode=DDR3
DDR_DQ12.Signal=DDR_DQ12
DDR_DQ13.Mode=DDR3
DDR_DQ13.Signal=DDR_DQ13
DDR_DQ14.Mode=DDR3
DDR_DQ14.Signal=DDR_DQ14
DDR_DQ15.Mode=DDR3
DDR_DQ15.Signal=DDR_DQ15
DDR_DQ16.Mode=32bits
DDR_DQ16.Signal=DDR_DQ16
DDR_DQ17.Mode=32bits
DDR_DQ17.Signal=DDR_DQ17
DDR_DQ18.Mode=32bits
DDR_DQ18.Signal=DDR_DQ18
DDR_DQ19.Mode=32bits
DDR_DQ19.Signal=DDR_DQ19
DDR_DQ2.Mode=DDR3
DDR_DQ2.Signal=DDR_DQ2
DDR_DQ20.Mode=32bits
DDR_DQ20.Signal=DDR_DQ20
DDR_DQ21.Mode=32bits
DDR_DQ21.Signal=DDR_DQ21
DDR_DQ22.Mode=32bits
DDR_DQ22.Signal=DDR_DQ22
DDR_DQ23.Mode=32bits
DDR_DQ23.Signal=DDR_DQ23
DDR_DQ24.Mode=32bits
DDR_DQ24.Signal=DDR_DQ24
DDR_DQ25.Mode=32bits
DDR_DQ25.Signal=DDR_DQ25
DDR_DQ26.Mode=32bits
DDR_DQ26.Signal=DDR_DQ26
DDR_DQ27.Mode=32bits
DDR_DQ27.Signal=DDR_DQ27
DDR_DQ28.Mode=32bits
DDR_DQ28.Signal=DDR_DQ28
DDR_DQ29.Mode=32bits
DDR_DQ29.Signal=DDR_DQ29
DDR_DQ3.Mode=DDR3
DDR_DQ3.Signal=DDR_DQ3
DDR_DQ30.Mode=32bits
DDR_DQ30.Signal=DDR_DQ30
DDR_DQ31.Mode=32bits
DDR_DQ31.Signal=DDR_DQ31
DDR_DQ4.Mode=DDR3
DDR_DQ4.Signal=DDR_DQ4
DDR_DQ5.Mode=DDR3
DDR_DQ5.Signal=DDR_DQ5
DDR_DQ6.Mode=DDR3
DDR_DQ6.Signal=DDR_DQ6
DDR_DQ7.Mode=DDR3
DDR_DQ7.Signal=DDR_DQ7
DDR_DQ8.Mode=DDR3
DDR_DQ8.Signal=DDR_DQ8
DDR_DQ9.Mode=DDR3
DDR_DQ9.Signal=DDR_DQ9
DDR_DQM0.Mode=DDR3
DDR_DQM0.Signal=DDR_DQM0
DDR_DQM1.Mode=DDR3
DDR_DQM1.Signal=DDR_DQM1
DDR_DQM2.Mode=32bits
DDR_DQM2.Signal=DDR_DQM2
DDR_DQM3.Mode=32bits
DDR_DQM3.Signal=DDR_DQM3
DDR_DQS0N.Mode=DDR3
DDR_DQS0N.Signal=DDR_DQS0N
DDR_DQS0P.Mode=DDR3
DDR_DQS0P.Signal=DDR_DQS0P
DDR_DQS1N.Mode=DDR3
DDR_DQS1N.Signal=DDR_DQS1N
DDR_DQS1P.Mode=DDR3
DDR_DQS1P.Signal=DDR_DQS1P
DDR_DQS2N.Mode=32bits
DDR_DQS2N.Signal=DDR_DQS2N
DDR_DQS2P.Mode=32bits
DDR_DQS2P.Signal=DDR_DQS2P
DDR_DQS3N.Mode=32bits
DDR_DQS3N.Signal=DDR_DQS3N
DDR_DQS3P.Mode=32bits
DDR_DQS3P.Signal=DDR_DQS3P
DDR_DTO0.Mode=DDR3
DDR_DTO0.Signal=DDR_DTO0
DDR_DTO1.Mode=DDR3
DDR_DTO1.Signal=DDR_DTO1
DDR_ODT.Mode=DDR3
DDR_ODT.Signal=DDR_ODT
DDR_RASN.Mode=DDR3
DDR_RASN.Signal=DDR_RASN
DDR_RESETN.Mode=DDR3
DDR_RESETN.Signal=DDR_RESETN
DDR_VREF.Mode=DDR3
DDR_VREF.Signal=DDR_VREF
DDR_WEN.Mode=DDR3
DDR_WEN.Signal=DDR_WEN
DDR_ZQ.Mode=DDR3
DDR_ZQ.Signal=DDR_ZQ
File.Version=6
GIC.CEC_IRQn=true\:false\:High level
GIC.DMA1_Stream0_IRQn=true\:false\:High level
GIC.DMA1_Stream1_IRQn=true\:false\:High level
GIC.DMA1_Stream2_IRQn=true\:false\:High level
GIC.DMA1_Stream3_IRQn=true\:false\:High level
GIC.DMA1_Stream4_IRQn=true\:false\:High level
GIC.DMA1_Stream5_IRQn=true\:false\:High level
GIC.DMA1_Stream6_IRQn=true\:false\:High level
GIC.DMA1_Stream7_IRQn=true\:false\:High level
GIC.ETH1_IRQn=true\:false\:High level
GIC.ETH1_WKUP_IRQn=true\:false\:High level
GIC.FDCAN1_IT0_IRQn=true\:false\:High level
GIC.FDCAN1_IT1_IRQn=true\:false\:High level
GIC.GPU_IRQn=true\:false\:High level
GIC.I2C4_ER_IRQn=true\:false\:High level
GIC.I2C4_EV_IRQn=true\:false\:High level
GIC.IPCC_RX0_IRQn=true\:false\:High level
GIC.IPCC_TX0_IRQn=true\:false\:High level
GIC.MDMA_IRQn=true\:false\:High level
GIC.OTG_IRQn=true\:false\:High level
GIC.QUADSPI_IRQn=true\:false\:High level
GIC.RCC_IRQn=true\:false\:High level
GIC.RTC_WKUP_ALARM_IRQn=true\:false\:High level
GIC.SDMMC1_IRQn=true\:false\:High level
GIC.SDMMC2_IRQn=true\:false\:High level
GIC.SDMMC3_IRQn=true\:false\:High level
GIC.SPI1_IRQn=true\:false\:High level
GIC.UART4_IRQn=true\:false\:High level
GIC.USBH_OHCI_IRQn=true\:false\:High level
GIC.WAKEUP_PIN_IRQn=true\:false\:High level
GPIO.groupedBy=Expand Peripherals
I2S1.ErrorAudioFreq=0.15 %
I2S1.FullDuplexMode=I2S_MODE_MASTER_FD
I2S1.IPParameters=Instance,VirtualMode,FullDuplexMode,RealAudioFreq,ErrorAudioFreq
I2S1.Instance=SPI$Index
I2S1.RealAudioFreq=16.025 KHz
I2S1.VirtualMode=I2S_MODE_MASTER
JTCK-SWCLK.Mode=JTAG_5_pins
JTCK-SWCLK.Signal=DEBUG_JTCK-SWCLK
JTDI.Mode=JTAG_5_pins
JTDI.Signal=DEBUG_JTDI
JTDO-TRACESWO.Mode=JTAG_5_pins
JTDO-TRACESWO.Signal=DEBUG_JTDO-SWO
JTMS-SWDIO.Mode=JTAG_5_pins
JTMS-SWDIO.Signal=DEBUG_JTMS-SWDIO
KeepUserPlacement=false
Mcu.Context0=BootROM
Mcu.Context1=BootLoader
Mcu.Context2=CortexA7S
Mcu.Context3=CortexA7NS
Mcu.Context4=CortexM4
Mcu.ContextNb=5
Mcu.Family=STM32MP1
Mcu.IP0=BSEC
Mcu.IP1=DAC1
Mcu.IP10=HSEM
Mcu.IP11=I2C1
Mcu.IP12=I2C2
Mcu.IP13=I2C4
Mcu.IP14=I2S1
Mcu.IP15=IPCC
Mcu.IP16=MDMA
Mcu.IP17=NVIC
Mcu.IP18=PWR
Mcu.IP19=QUADSPI
Mcu.IP2=DDR
Mcu.IP20=RCC
Mcu.IP21=RNG1
Mcu.IP22=RTC
Mcu.IP23=SDMMC1
Mcu.IP24=SDMMC2
Mcu.IP25=SDMMC3
Mcu.IP26=SPI4
Mcu.IP27=SYS
Mcu.IP28=TAMP
Mcu.IP29=TIM5
Mcu.IP3=DEBUG
Mcu.IP30=TIM8
Mcu.IP31=UART4
Mcu.IP32=USART3
Mcu.IP33=USBH_HS1
Mcu.IP34=USB_OTG_HS
Mcu.IP4=ETH1
Mcu.IP5=ETZPC
Mcu.IP6=FDCAN1
Mcu.IP7=GIC
Mcu.IP8=GPU
Mcu.IP9=HDMI_CEC
Mcu.IPNb=35
Mcu.Name=STM32MP157AAAx
Mcu.Package=LFBGA448
Mcu.Pin0=PH5
Mcu.Pin1=PH4
Mcu.Pin10=PB3
Mcu.Pin100=PZ5
Mcu.Pin101=PZ1
Mcu.Pin102=PJ8
Mcu.Pin103=DDR_A9
Mcu.Pin104=DDR_A5
Mcu.Pin105=DDR_DQ5
Mcu.Pin106=DDR_DQ2
Mcu.Pin107=DDR_DQ6
Mcu.Pin108=PJ3
Mcu.Pin109=PJ0
Mcu.Pin11=PB14
Mcu.Pin110=PJ10
Mcu.Pin111=PG12
Mcu.Pin112=PI4
Mcu.Pin113=DDR_A2
Mcu.Pin114=DDR_A3
Mcu.Pin115=DDR_DQ4
Mcu.Pin116=PJ5
Mcu.Pin117=PJ4
Mcu.Pin118=PJ2
Mcu.Pin119=PZ2
Mcu.Pin12=DDR_DQ20
Mcu.Pin120=DDR_BA2
Mcu.Pin121=DDR_A0
Mcu.Pin122=DDR_BA0
Mcu.Pin123=DDR_DTO1
Mcu.Pin124=DDR_ZQ
Mcu.Pin125=PD15
Mcu.Pin126=PJ9
Mcu.Pin127=PD6
Mcu.Pin128=PJ7
Mcu.Pin129=PJ6
Mcu.Pin13=DDR_DQ23
Mcu.Pin130=PJ1
Mcu.Pin131=DDR_CSN
Mcu.Pin132=DDR_ODT
Mcu.Pin133=DDR_DTO0
Mcu.Pin134=PD8
Mcu.Pin135=PD9
Mcu.Pin136=PD14
Mcu.Pin137=DDR_A1
Mcu.Pin138=DDR_RASN
Mcu.Pin139=DDR_WEN
Mcu.Pin14=PH10
Mcu.Pin140=DDR_CASN
Mcu.Pin141=PI8
Mcu.Pin142=PC13
Mcu.Pin143=DDR_A10
Mcu.Pin144=DDR_A12
Mcu.Pin145=DDR_CLKP
Mcu.Pin146=DDR_CLKN
Mcu.Pin147=DDR_DQ8
Mcu.Pin148=PC14-OSC32_IN
Mcu.Pin149=PC15-OSC32_OUT
Mcu.Pin15=PH11
Mcu.Pin150=DDR_A14
Mcu.Pin151=DDR_A11
Mcu.Pin152=DDR_DQ10
Mcu.Pin153=PA14
Mcu.Pin154=DDR_BA1
Mcu.Pin155=DDR_CKE
Mcu.Pin156=DDR_DQ13
Mcu.Pin157=DDR_DQ9
Mcu.Pin158=DDR_DQS1N
Mcu.Pin159=PH0-OSC_IN
Mcu.Pin16=PE14
Mcu.Pin160=PH1-OSC_OUT
Mcu.Pin161=PI11
Mcu.Pin162=PA3
Mcu.Pin163=DDR_A4
Mcu.Pin164=DDR_DQ11
Mcu.Pin165=DDR_DQM1
Mcu.Pin166=DDR_DQS1P
Mcu.Pin167=PC3
Mcu.Pin168=PA5
Mcu.Pin169=PC0
Mcu.Pin17=PK7
Mcu.Pin170=PG11
Mcu.Pin171=DDR_A8
Mcu.Pin172=DDR_A6
Mcu.Pin173=DDR_DQ14
Mcu.Pin174=PF3
Mcu.Pin175=PA1
Mcu.Pin176=PA4
Mcu.Pin177=PF14
Mcu.Pin178=PB10
Mcu.Pin179=PB13
Mcu.Pin18=PK3
Mcu.Pin180=PF10
Mcu.Pin181=PB2
Mcu.Pin182=OTG_VBUS
Mcu.Pin183=DDR_DQ12
Mcu.Pin184=DDR_DQ15
Mcu.Pin185=DDR_DQ24
Mcu.Pin186=PI10
Mcu.Pin187=PH7
Mcu.Pin188=PA13
Mcu.Pin189=PF15
Mcu.Pin19=PJ14
Mcu.Pin190=PD12
Mcu.Pin191=PB6
Mcu.Pin192=PA12
Mcu.Pin193=DDR_DQ25
Mcu.Pin194=DDR_DQ31
Mcu.Pin195=DDR_DQ30
Mcu.Pin196=PC2
Mcu.Pin197=PE2
Mcu.Pin198=PB11
Mcu.Pin199=PH3
Mcu.Pin2=PE13
Mcu.Pin20=PJ12
Mcu.Pin200=PG8
Mcu.Pin201=PA7
Mcu.Pin202=PG7
Mcu.Pin203=PA11
Mcu.Pin204=PA10
Mcu.Pin205=DDR_DQS3P
Mcu.Pin206=DDR_DQS3N
Mcu.Pin207=PG13
Mcu.Pin208=PG14
Mcu.Pin209=PA0
Mcu.Pin21=PF1
Mcu.Pin210=PC5
Mcu.Pin211=PB12
Mcu.Pin212=PG10
Mcu.Pin213=PF7
Mcu.Pin214=PF6
Mcu.Pin215=USB_DM2
Mcu.Pin216=USB_DP1
Mcu.Pin217=DDR_ATO
Mcu.Pin218=DDR_DQ29
Mcu.Pin219=DDR_DQ28
Mcu.Pin22=PD1
Mcu.Pin220=DDR_DQM3
Mcu.Pin221=PA2
Mcu.Pin222=PC1
Mcu.Pin223=PG4
Mcu.Pin224=PB0
Mcu.Pin225=PC4
Mcu.Pin226=PH2
Mcu.Pin227=PF8
Mcu.Pin228=PF9
Mcu.Pin229=USB_DP2
Mcu.Pin23=PD3
Mcu.Pin230=USB_DM1
Mcu.Pin231=DDR_VREF
Mcu.Pin232=DDR_DQ27
Mcu.Pin233=DDR_DQ26
Mcu.Pin234=VP_BSEC_VS_BSEC
Mcu.Pin235=VP_DDR_DDR3
Mcu.Pin236=VP_DDR_DDR_32_bits
Mcu.Pin237=VP_DDR_DDR3_32_8Gb
Mcu.Pin238=VP_ETZPC_VS_ETZPC
Mcu.Pin239=VP_GPU_VS_GPU
Mcu.Pin24=PB15
Mcu.Pin240=VP_HSEM_VS_HSEM
Mcu.Pin241=VP_IPCC_VS_IPCC
Mcu.Pin242=VP_RNG1_VS_RNG
Mcu.Pin243=VP_RTC_VS_RTC_Activate
Mcu.Pin244=VP_SYS_VS_Systick
Mcu.Pin245=VP_TAMP_VS_TAMP_Activate
Mcu.Pin246=VP_TIM8_VS_ControllerModeReset
Mcu.Pin247=VP_TIM8_VS_ClockSourceINT
Mcu.Pin248=VP_DMA_VS_DMA1_A7NS
Mcu.Pin249=VP_DMA_VS_DMA2_M4
Mcu.Pin25=PA8
Mcu.Pin250=VP_MDMA_VS_MDMA_A7NS_8
Mcu.Pin26=DDR_DQ19
Mcu.Pin27=DDR_DQ16
Mcu.Pin28=DDR_DQS2N
Mcu.Pin29=PH15
Mcu.Pin3=PK6
Mcu.Pin30=PH14
Mcu.Pin31=PE15
Mcu.Pin32=PE0
Mcu.Pin33=PK5
Mcu.Pin34=PD4
Mcu.Pin35=PD0
Mcu.Pin36=PE5
Mcu.Pin37=PB4
Mcu.Pin38=DDR_DQS2P
Mcu.Pin39=DDR_DQM2
Mcu.Pin4=PK4
Mcu.Pin40=PI0
Mcu.Pin41=PI14
Mcu.Pin42=PH13
Mcu.Pin43=PE11
Mcu.Pin44=PH8
Mcu.Pin45=PE1
Mcu.Pin46=PK0
Mcu.Pin47=PF5
Mcu.Pin48=PG15
Mcu.Pin49=PG6
Mcu.Pin5=PJ13
Mcu.Pin50=PD2
Mcu.Pin51=PC9
Mcu.Pin52=PC11
Mcu.Pin53=JTDI
Mcu.Pin54=JTCK-SWCLK
Mcu.Pin55=DDR_DQ22
Mcu.Pin56=DDR_DQ17
Mcu.Pin57=DDR_DQ18
Mcu.Pin58=PI2
Mcu.Pin59=PI1
Mcu.Pin6=PD10
Mcu.Pin60=PI3
Mcu.Pin61=PE12
Mcu.Pin62=PH9
Mcu.Pin63=PK1
Mcu.Pin64=PK2
Mcu.Pin65=PE6
Mcu.Pin66=PF0
Mcu.Pin67=PA15
Mcu.Pin68=PC12
Mcu.Pin69=PC8
Mcu.Pin7=PD5
Mcu.Pin70=NJTRST
Mcu.Pin71=JTDO-TRACESWO
Mcu.Pin72=JTMS-SWDIO
Mcu.Pin73=DDR_DQ3
Mcu.Pin74=DDR_DQ0
Mcu.Pin75=DDR_DQ21
Mcu.Pin76=PI7
Mcu.Pin77=PI5
Mcu.Pin78=PI15
Mcu.Pin79=PZ3
Mcu.Pin8=PE3
Mcu.Pin80=PH12
Mcu.Pin81=PF4
Mcu.Pin82=PD7
Mcu.Pin83=PB7
Mcu.Pin84=PF2
Mcu.Pin85=PC10
Mcu.Pin86=DDR_A7
Mcu.Pin87=DDR_RESETN
Mcu.Pin88=DDR_DQ1
Mcu.Pin89=PZ4
Mcu.Pin9=PA9
Mcu.Pin90=PZ0
Mcu.Pin91=PZ6
Mcu.Pin92=PI6
Mcu.Pin93=DDR_A13
Mcu.Pin94=DDR_DQ7
Mcu.Pin95=DDR_DQM0
Mcu.Pin96=DDR_DQS0N
Mcu.Pin97=DDR_DQS0P
Mcu.Pin98=PI13
Mcu.Pin99=PI12
Mcu.PinsNb=251
Mcu.ThirdPartyNb=0
Mcu.UserConstants=
Mcu.UserName=STM32MP157AAAx
Mdma.MDMA_Channel16.QUADSPI_FIFO_TH.0.BlockCount=0
Mdma.MDMA_Channel16.QUADSPI_FIFO_TH.0.BlockDataLength=0
Mdma.MDMA_Channel16.QUADSPI_FIFO_TH.0.BufferTransferLength=1
Mdma.MDMA_Channel16.QUADSPI_FIFO_TH.0.CircularMode=MDMA_LINEAR_LIST
Mdma.MDMA_Channel16.QUADSPI_FIFO_TH.0.DataAlignment=MDMA_DATAALIGN_PACKENABLE
Mdma.MDMA_Channel16.QUADSPI_FIFO_TH.0.DestBlockAddressOffset=0
Mdma.MDMA_Channel16.QUADSPI_FIFO_TH.0.DestBurst=MDMA_DEST_BURST_SINGLE
Mdma.MDMA_Channel16.QUADSPI_FIFO_TH.0.DestDataSize=MDMA_DEST_DATASIZE_BYTE
Mdma.MDMA_Channel16.QUADSPI_FIFO_TH.0.DestinationInc=MDMA_DEST_INC_DISABLE
Mdma.MDMA_Channel16.QUADSPI_FIFO_TH.0.DstAddress=0
Mdma.MDMA_Channel16.QUADSPI_FIFO_TH.0.Endianness=MDMA_LITTLE_ENDIANNESS_PRESERVE
Mdma.MDMA_Channel16.QUADSPI_FIFO_TH.0.Instance=MDMA_Channel16
Mdma.MDMA_Channel16.QUADSPI_FIFO_TH.0.Mandatory=DISABLE
Mdma.MDMA_Channel16.QUADSPI_FIFO_TH.0.MaskAddress=0
Mdma.MDMA_Channel16.QUADSPI_FIFO_TH.0.MaskData=0
Mdma.MDMA_Channel16.QUADSPI_FIFO_TH.0.Priority=MDMA_PRIORITY_LOW
Mdma.MDMA_Channel16.QUADSPI_FIFO_TH.0.Rank=First
Mdma.MDMA_Channel16.QUADSPI_FIFO_TH.0.RequestParameters=Instance,CircularMode,TransferTriggerMode,Priority,Endianness,SourceInc,DestinationInc,SourceDataSize,DestDataSize,DataAlignment,BufferTransferLength,SourceBurst,DestBurst,SourceBlockAddressOffset,DestBlockAddressOffset,MaskAddress,MaskData,SrcAddress,DstAddress,BlockDataLength,BlockCount,Rank,Mandatory
Mdma.MDMA_Channel16.QUADSPI_FIFO_TH.0.SourceBlockAddressOffset=0
Mdma.MDMA_Channel16.QUADSPI_FIFO_TH.0.SourceBurst=MDMA_SOURCE_BURST_SINGLE
Mdma.MDMA_Channel16.QUADSPI_FIFO_TH.0.SourceDataSize=MDMA_SRC_DATASIZE_BYTE
Mdma.MDMA_Channel16.QUADSPI_FIFO_TH.0.SourceInc=MDMA_SRC_INC_BYTE
Mdma.MDMA_Channel16.QUADSPI_FIFO_TH.0.SrcAddress=0
Mdma.MDMA_Channel16.QUADSPI_FIFO_TH.0.TransferTriggerMode=MDMA_BUFFER_TRANSFER
Mdma.MDMA_Channel16.Request0=QUADSPI_FIFO_TH
Mdma.MDMA_Channel16.RequestsNb=1
Mdma.RequestSet0=MDMA_Channel16
Mdma.RequestSetsNb=1
MxCube.Version=6.3.0
MxDb.Version=DB.6.0.30
NJTRST.Mode=JTAG_5_pins
NJTRST.Signal=DEBUG_JTRST
NVIC.BusFault_IRQn=true\:1\:0\:false\:false\:true\:false\:false
NVIC.DebugMonitor_IRQn=true\:1\:0\:false\:false\:true\:false\:false
NVIC.ForceEnableDMAVector=true
NVIC.HardFault_IRQn=true\:0\:0\:false\:false\:true\:false\:false
NVIC.MemoryManagement_IRQn=true\:1\:0\:false\:false\:true\:false\:false
NVIC.NonMaskableInt_IRQn=true\:0\:0\:false\:false\:true\:false\:false
NVIC.PendSV_IRQn=true\:1\:0\:false\:false\:true\:false\:false
NVIC.PriorityGroup=NVIC_PRIORITYGROUP_4
NVIC.RCC_WAKEUP_IRQn=true\:0\:0\:false\:false\:true\:false\:true
NVIC.SVCall_IRQn=true\:1\:0\:false\:false\:true\:false\:false
NVIC.SysTick_IRQn=true\:15\:0\:false\:false\:true\:false\:true
NVIC.UsageFault_IRQn=true\:1\:0\:false\:false\:true\:false\:false
OTG_VBUS.Mode=Activate_VBUS_FS
OTG_VBUS.Signal=USB_OTG_HS_VBUS
PA0.Locked=true
PA0.Mode=MII (Media Independent Interface)
PA0.Signal=ETH1_CRS
PA0.Stacked=true
PA1.Locked=true
PA1.Mode=MII (Media Independent Interface)
PA1.Signal=ETH1_RX_CLK
PA1.Stacked=true
PA10.Mode=Ext_Phy_OTG/Dual-Role-Device
PA10.Signal=USB_OTG_HS_ID
PA11.Locked=true
PA11.Mode=FDCAN_Activate
PA11.Signal=FDCAN1_RX
PA12.Locked=true
PA12.Mode=FDCAN_Activate
PA12.Signal=FDCAN1_TX
PA13.GPIOParameters=GPIO_Label
PA13.GPIO_Label=LED2
PA13.Locked=true
PA13.Signal=GPIO_Output
PA14.GPIOParameters=GPIO_Label
PA14.GPIO_Label=LED1
PA14.Locked=true
PA14.Signal=GPIO_Output
PA15.Mode=CEC_Activate
PA15.Signal=CEC
PA2.Locked=true
PA2.Mode=MII (Media Independent Interface)
PA2.Signal=ETH1_MDIO
PA2.Stacked=true
PA3.Locked=true
PA3.Mode=MII (Media Independent Interface)
PA3.Signal=ETH1_COL
PA3.Stacked=true
PA4.Locked=true
PA4.Signal=COMP_DAC11_group
PA4.Stacked=true
PA5.Locked=true
PA5.Signal=COMP_DAC12_group
PA5.Stacked=true
PA7.Locked=true
PA7.Mode=MII (Media Independent Interface)
PA7.Signal=ETH1_RX_DV
PA7.Stacked=true
PA8.Locked=true
PA8.Mode=mmc_8_bits_Wide_bus
PA8.Signal=SDMMC2_D4
PA9.Locked=true
PA9.Mode=mmc_8_bits_Wide_bus
PA9.Signal=SDMMC2_D5
PB0.Locked=true
PB0.Mode=MII (Media Independent Interface)
PB0.Signal=ETH1_RXD2
PB0.Stacked=true
PB10.Locked=true
PB10.Mode=Asynchronous
PB10.Signal=USART3_TX
PB11.Locked=true
PB11.Mode=MII (Media Independent Interface)
PB11.Signal=ETH1_TX_EN
PB11.Stacked=true
PB12.Locked=true
PB12.Mode=Asynchronous
PB12.Signal=USART3_RX
PB13.Locked=true
PB13.Mode=CTS_RTS
PB13.Signal=USART3_CTS
PB13.Stacked=true
PB14.Locked=true
PB14.Mode=mmc_8_bits_Wide_bus
PB14.Signal=SDMMC2_D0
PB15.Locked=true
PB15.Mode=mmc_8_bits_Wide_bus
PB15.Signal=SDMMC2_D1
PB2.GPIOParameters=GPIO_Label
PB2.GPIO_Label=VCP
PB2.Locked=true
PB2.Mode=Asynchronous
PB2.Signal=UART4_RX
PB3.Locked=true
PB3.Mode=mmc_8_bits_Wide_bus
PB3.Signal=SDMMC2_D2
PB4.Locked=true
PB4.Mode=mmc_8_bits_Wide_bus
PB4.Signal=SDMMC2_D3
PB6.Locked=true
PB6.Mode=Enable Chip Select for each bank
PB6.Signal=QUADSPI_BK1_NCS
PB7.GPIOParameters=GPIO_Label
PB7.GPIO_Label=RESERVED_RST?
PB7.Locked=true
PB7.Signal=GPIO_Output
PC0.Locked=true
PC0.Mode=Enable Chip Select for each bank
PC0.Signal=QUADSPI_BK2_NCS
PC1.Locked=true
PC1.Mode=MII (Media Independent Interface)
PC1.Signal=ETH1_MDC
PC1.Stacked=true
PC10.GPIOParameters=GPIO_Label
PC10.GPIO_Label=RESERVER_RST?
PC10.Locked=true
PC10.Signal=GPIO_Output
PC11.Locked=true
PC11.Mode=SD_4_bits_Wide_bus
PC11.Signal=SDMMC1_D3
PC12.Locked=true
PC12.Mode=SD_4_bits_Wide_bus
PC12.Signal=SDMMC1_CK
PC13.Locked=true
PC13.Signal=SharedStack_PC13
PC13.Stacked=true
PC14-OSC32_IN.Locked=true
PC14-OSC32_IN.Mode=LSE-External-Oscillator
PC14-OSC32_IN.Signal=RCC_OSC32_IN
PC15-OSC32_OUT.Locked=true
PC15-OSC32_OUT.Mode=LSE-External-Oscillator
PC15-OSC32_OUT.Signal=RCC_OSC32_OUT
PC2.Locked=true
PC2.Mode=MII (Media Independent Interface)
PC2.Signal=ETH1_TXD2
PC2.Stacked=true
PC3.Locked=true
PC3.Mode=MII (Media Independent Interface)
PC3.Signal=ETH1_TX_CLK
PC3.Stacked=true
PC4.Locked=true
PC4.Mode=MII (Media Independent Interface)
PC4.Signal=ETH1_RXD0
PC4.Stacked=true
PC5.Locked=true
PC5.Mode=MII (Media Independent Interface)
PC5.Signal=ETH1_RXD1
PC5.Stacked=true
PC8.Locked=true
PC8.Mode=SD_4_bits_Wide_bus
PC8.Signal=SDMMC1_D0
PC9.Locked=true
PC9.Mode=SD_4_bits_Wide_bus
PC9.Signal=SDMMC1_D1
PD0.Locked=true
PD0.Mode=SD_4_bits_Wide_bus_dir_voltage_converter
PD0.Signal=SDMMC3_CMD
PD1.Locked=true
PD1.Mode=SD_4_bits_Wide_bus_dir_voltage_converter
PD1.Signal=SDMMC3_D0
PD10.Locked=true
PD10.Signal=LTDC_B3
PD10.Stacked=true
PD12.Locked=true
PD12.Signal=SharedStack_PD12
PD12.Stacked=true
PD14.GPIOParameters=GPIO_Label
PD14.GPIO_Label=Generic IO
PD14.Locked=true
PD14.Signal=GPIO_Output
PD15.GPIOParameters=GPIO_Label
PD15.GPIO_Label=Generic IO
PD15.Locked=true
PD15.Signal=GPIO_Output
PD2.Locked=true
PD2.Mode=SD_4_bits_Wide_bus
PD2.Signal=SDMMC1_CMD
PD3.Locked=true
PD3.Mode=mmc_8_bits_Wide_bus
PD3.Signal=SDMMC2_D7
PD4.Locked=true
PD4.Mode=SD_4_bits_Wide_bus_dir_voltage_converter
PD4.Signal=SDMMC3_D1
PD5.Locked=true
PD5.Mode=SD_4_bits_Wide_bus_dir_voltage_converter
PD5.Signal=SDMMC3_D2
PD6.GPIOParameters=GPIO_Label
PD6.GPIO_Label=Generic IO
PD6.Locked=true
PD6.Signal=GPIO_Output
PD7.Locked=true
PD7.Mode=SD_4_bits_Wide_bus_dir_voltage_converter
PD7.Signal=SDMMC3_D3
PD8.GPIOParameters=GPIO_Label
PD8.GPIO_Label=Generic IO
PD8.Locked=true
PD8.Signal=GPIO_Output
PD9.Locked=true
PD9.Signal=GPXTI9
PD9.Stacked=true
PE0.Locked=true
PE0.Signal=DCMI_D2
PE0.Stacked=true
PE1.Locked=true
PE1.Signal=DCMI_D3
PE1.Stacked=true
PE11.Locked=true
PE11.Mode=NSS_Signal_Hard_Output
PE11.Signal=SPI4_NSS
PE12.Locked=true
PE12.Mode=Full_Duplex_Master
PE12.Signal=SPI4_SCK
PE13.Locked=true
PE13.Mode=Full_Duplex_Master
PE13.Signal=SPI4_MISO
PE14.Locked=true
PE14.Mode=Full_Duplex_Master
PE14.Signal=SPI4_MOSI
PE15.Locked=true
PE15.Signal=LTDC_R7
PE15.Stacked=true
PE2.Locked=true
PE2.Mode=MII (Media Independent Interface)
PE2.Signal=ETH1_TXD3
PE2.Stacked=true
PE3.Locked=true
PE3.Mode=mmc_8_bits_Wide_bus
PE3.Signal=SDMMC2_CK
PE5.Locked=true
PE5.Mode=mmc_8_bits_Wide_bus
PE5.Signal=SDMMC2_D6
PE6.Locked=true
PE6.Mode=SD_4_bits_Wide_bus
PE6.Signal=SDMMC1_D2
PF0.Locked=true
PF0.Mode=SD_4_bits_Wide_bus_dir_voltage_converter
PF0.Signal=SDMMC3_CKIN
PF1.Locked=true
PF1.Mode=SD_4_bits_Wide_bus_dir_voltage_converter
PF1.Signal=SDMMC3_CDIR
PF10.Locked=true
PF10.Mode=Dual Bank
PF10.Signal=QUADSPI_CLK
PF14.Locked=true
PF14.Mode=I2C
PF14.Signal=I2C1_SCL
PF15.Locked=true
PF15.Mode=I2C
PF15.Signal=I2C1_SDA
PF2.Locked=true
PF2.Mode=SD_4_bits_Wide_bus_dir_voltage_converter
PF2.Signal=SDMMC3_D0DIR
PF3.Locked=true
PF3.Signal=ETH1_TX_ER
PF3.Stacked=true
PF4.Locked=true
PF4.Mode=SD_4_bits_Wide_bus_dir_voltage_converter
PF4.Signal=SDMMC3_D123DIR
PF5.GPIOParameters=GPIO_Label
PF5.GPIO_Label=RESERVED_RST?
PF5.Locked=true
PF5.Signal=GPIO_Output
PF6.Locked=true
PF6.Mode=Dual Bank
PF6.Signal=QUADSPI_BK1_IO3
PF7.Locked=true
PF7.Mode=Dual Bank
PF7.Signal=QUADSPI_BK1_IO2
PF8.Locked=true
PF8.Mode=Dual Bank
PF8.Signal=QUADSPI_BK1_IO0
PF9.Locked=true
PF9.Mode=Dual Bank
PF9.Signal=QUADSPI_BK1_IO1
PG10.Locked=true
PG10.Mode=Dual Bank
PG10.Signal=QUADSPI_BK2_IO2
PG11.GPIOParameters=GPIO_Label
PG11.GPIO_Label=VCP
PG11.Locked=true
PG11.Mode=Asynchronous
PG11.Signal=UART4_TX
PG12.Locked=true
PG12.Signal=LTDC_B1
PG12.Stacked=true
PG13.Locked=true
PG13.Mode=MII (Media Independent Interface)
PG13.Signal=ETH1_TXD0
PG13.Stacked=true
PG14.Locked=true
PG14.Mode=MII (Media Independent Interface)
PG14.Signal=ETH1_TXD1
PG14.Stacked=true
PG15.Locked=true
PG15.Mode=SD_4_bits_Wide_bus_dir_voltage_converter
PG15.Signal=SDMMC3_CK
PG4.Locked=true
PG4.Signal=ETH1_GTX_CLK
PG4.Stacked=true
PG6.Locked=true
PG6.Mode=mmc_8_bits_Wide_bus
PG6.Signal=SDMMC2_CMD
PG7.Locked=true
PG7.Mode=Dual Bank
PG7.Signal=QUADSPI_BK2_IO3
PG8.Locked=true
PG8.Mode=ETH Clock Output (PHY without Quartz)
PG8.Signal=ETH1_CLK
PG8.Stacked=true
PH0-OSC_IN.Locked=true
PH0-OSC_IN.Mode=HSE-External-Oscillator
PH0-OSC_IN.Signal=RCC_OSC_IN
PH1-OSC_OUT.Locked=true
PH1-OSC_OUT.Mode=HSE-External-Oscillator
PH1-OSC_OUT.Signal=RCC_OSC_OUT
PH10.Locked=true
PH10.Signal=SharedStack_PH10
PH10.Stacked=true
PH11.Locked=true
PH11.Signal=SharedStack_PH11
PH11.Stacked=true
PH12.Locked=true
PH12.Signal=SharedStack_PH12
PH12.Stacked=true
PH13.Locked=true
PH13.Signal=SharedStack_PH13
PH13.Stacked=true
PH14.Locked=true
PH14.Signal=SharedStack_PH14
PH14.Stacked=true
PH15.Locked=true
PH15.Signal=DCMI_D11
PH15.Stacked=true
PH2.Locked=true
PH2.Mode=Dual Bank
PH2.Signal=QUADSPI_BK2_IO0
PH3.Locked=true
PH3.Mode=Dual Bank
PH3.Signal=QUADSPI_BK2_IO1
PH4.Locked=true
PH4.Mode=I2C
PH4.Signal=I2C2_SCL
PH5.Locked=true
PH5.Mode=I2C
PH5.Signal=I2C2_SDA
PH7.Locked=true
PH7.Mode=MII (Media Independent Interface)
PH7.Signal=ETH1_RXD3
PH7.Stacked=true
PH8.Locked=true
PH8.Signal=SharedStack_PH8
PH8.Stacked=true
PH9.Locked=true
PH9.Signal=DCMI_D0
PH9.Stacked=true
PI0.Locked=true
PI0.Signal=SharedStack_PI0
PI0.Stacked=true
PI1.Locked=true
PI1.Signal=SharedStack_PI1
PI1.Stacked=true
PI10.Locked=true
PI10.Mode=MII (Media Independent Interface)
PI10.Signal=ETH1_RX_ER
PI10.Stacked=true
PI11.Locked=true
PI11.Mode=Audio_ClockIn
PI11.Signal=I2S_CKIN
PI12.Locked=true
PI12.Signal=LTDC_HSYNC
PI12.Stacked=true
PI13.Locked=true
PI13.Signal=LTDC_VSYNC
PI13.Stacked=true
PI14.Locked=true
PI14.Signal=LTDC_CLK
PI14.Stacked=true
PI15.Locked=true
PI15.Signal=LTDC_R0
PI15.Stacked=true
PI2.Locked=true
PI2.Signal=SharedStack_PI2
PI2.Stacked=true
PI3.Locked=true
PI3.Signal=SharedStack_PI3
PI3.Stacked=true
PI4.Locked=true
PI4.Signal=DCMI_D5
PI4.Stacked=true
PI5.Locked=true
PI5.Signal=SharedStack_PI5
PI5.Stacked=true
PI6.Locked=true
PI6.Signal=SharedStack_PI6
PI6.Stacked=true
PI7.Locked=true
PI7.Signal=DCMI_D7
PI7.Stacked=true
PI8.Locked=true
PI8.Signal=SharedStack_PI8
PI8.Stacked=true
PJ0.Locked=true
PJ0.Signal=LTDC_R1
PJ0.Stacked=true
PJ1.Locked=true
PJ1.Signal=LTDC_R2
PJ1.Stacked=true
PJ10.Locked=true
PJ10.Signal=LTDC_G3
PJ10.Stacked=true
PJ12.Locked=true
PJ12.Signal=LTDC_B0
PJ12.Stacked=true
PJ13.Locked=true
PJ13.Signal=LTDC_G4
PJ13.Stacked=true
PJ14.Locked=true
PJ14.Signal=LTDC_B2
PJ14.Stacked=true
PJ2.Locked=true
PJ2.Signal=LTDC_R3
PJ2.Stacked=true
PJ3.Locked=true
PJ3.Signal=LTDC_R4
PJ3.Stacked=true
PJ4.GPIOParameters=GPIO_Label
PJ4.GPIO_Label=Generic IO
PJ4.Locked=true
PJ4.Signal=GPIO_Output
PJ5.GPIOParameters=GPIO_Label
PJ5.GPIO_Label=Generic IO
PJ5.Locked=true
PJ5.Signal=GPIO_Output
PJ6.GPIOParameters=GPIO_Label
PJ6.GPIO_Label=Generic IO
PJ6.Locked=true
PJ6.Signal=GPIO_Output
PJ7.Locked=true
PJ7.Signal=LTDC_G0
PJ7.Stacked=true
PJ8.Locked=true
PJ8.Signal=LTDC_G1
PJ8.Stacked=true
PJ9.GPIOParameters=GPIO_Label
PJ9.GPIO_Label=Generic IO
PJ9.Locked=true
PJ9.Signal=GPIO_Output
PK0.Locked=true
PK0.Signal=SharedStack_PK0
PK0.Stacked=true
PK1.Mode=PWM Generation3 CH3 CH3N
PK1.Signal=TIM8_CH3N
PK2.Locked=true
PK2.Signal=SharedStack_PK2
PK2.Stacked=true
PK3.Locked=true
PK3.Signal=LTDC_B4
PK3.Stacked=true
PK4.Locked=true
PK4.Signal=LTDC_B5
PK4.Stacked=true
PK5.Locked=true
PK5.Signal=LTDC_B6
PK5.Stacked=true
PK6.Locked=true
PK6.Signal=LTDC_B7
PK6.Stacked=true
PK7.Locked=true
PK7.Signal=LTDC_DE
PK7.Stacked=true
PZ0.Locked=true
PZ0.Mode=Full_Duplex_Master
PZ0.Signal=I2S1_CK
PZ0.Stacked=true
PZ1.Locked=true
PZ1.Mode=Full_Duplex_Master
PZ1.Signal=I2S1_SDI
PZ1.Stacked=true
PZ2.Locked=true
PZ2.Mode=Full_Duplex_Master
PZ2.Signal=I2S1_SDO
PZ2.Stacked=true
PZ3.Locked=true
PZ3.Mode=Full_Duplex_Master
PZ3.Signal=I2S1_WS
PZ3.Stacked=true
PZ4.Locked=true
PZ4.Mode=I2C
PZ4.Signal=I2C4_SCL
PZ4.Stacked=true
PZ5.Locked=true
PZ5.Mode=I2C
PZ5.Signal=I2C4_SDA
PZ5.Stacked=true
PZ6.Locked=true
PZ6.Signal=I2S1_MCK
PZ6.Stacked=true
PinOutPanel.CurrentBGAView=Top
PinOutPanel.RotationAngle=0
ProjectManager.AskForMigrate=true
ProjectManager.BackupPrevious=false
ProjectManager.CompilerOptimize=6
ProjectManager.ComputerToolchain=false
ProjectManager.CoupleFile=false
ProjectManager.CustomerFirmwarePackage=
ProjectManager.DefaultFWLocation=true
ProjectManager.DeletePrevious=true
ProjectManager.DeviceId=STM32MP157AAAx
ProjectManager.DeviceTreeLocation=
ProjectManager.FirmwarePackage=STM32Cube FW_MP1 V1.4.0
ProjectManager.FreePins=false
ProjectManager.HalAssertFull=false
ProjectManager.HeapSize=0x200
ProjectManager.KeepUserCode=true
ProjectManager.LastFirmware=true
ProjectManager.LibraryCopy=0
ProjectManager.MainLocation=Core/Src
ProjectManager.NoMain=false
ProjectManager.PreviousToolchain=
ProjectManager.ProjectBuild=false
ProjectManager.ProjectFileName=STM32MP1.ioc
ProjectManager.ProjectName=STM32MP1
ProjectManager.RegisterCallBack=
ProjectManager.StackSize=0x400
ProjectManager.TargetToolchain=EWARM V8.32
ProjectManager.ToolChainLocation=
ProjectManager.UnderRoot=false
ProjectManager.functionlistsort=1-MX_GPIO_Init-GPIO-false-HAL-true,2-SystemClock_Config-RCC-false-HAL-false,3-MX_ETZPC_Init-ETZPC-false-HAL-true,4-MX_SPI4_Init-SPI4-false-HAL-true,5-MX_USART3_UART_Init-USART3-false-HAL-true,6-MX_I2C1_Init-I2C1-false-HAL-true,7-MX_I2C2_Init-I2C2-false-HAL-true,8-MX_IPCC_Init-IPCC-false-HAL-true,9-MX_DAC1_Init-DAC1-false-HAL-true,10-MX_TIM5_Init-TIM5-false-HAL-true,11-MX_TIM8_Init-TIM8-false-HAL-true,0-MX_PWR_Init-PWR-false-HAL-true
RCC.ADCFreq_Value=19200000
RCC.AHB1234Freq_Value=64000000
RCC.APB1Freq_Value=64000000
RCC.APB2Freq_Value=64000000
RCC.APB3Freq_Value=64000000
RCC.APB4Freq_Value=64000000
RCC.APB5DIVClockFreq_Value=64000000
RCC.AXICLKFreq_VALUE=64000000
RCC.AXIDIVFreq_Value=64000000
RCC.CECFreq_Value=32768
RCC.CKPERCLKFreq_VALUE=64000000
RCC.CSI_VALUE=4000000
RCC.CortexFreq_Value=64000000
RCC.DACCLKFreq_VALUE=32000
RCC.DDRCFreq_Value=400000000
RCC.DDRPERFMFreq_Value=400000000
RCC.DDRPHYFreq_Value=400000000
RCC.DFSDFAFreq_Value=80000000
RCC.DFSDMFreq_Value=64000000
RCC.DIVM2=4
RCC.DIVM4=4
RCC.DIVN4=30
RCC.DIVP1Freq_Value=50000000
RCC.DIVP2Freq_Value=200000000
RCC.DIVP3Freq_Value=25000000
RCC.DIVP4=4
RCC.DIVP4Freq_Value=120000000
RCC.DIVQ1Freq_Value=25000000
RCC.DIVQ2=1
RCC.DIVQ2Freq_Value=400000000
RCC.DIVQ3Freq_Value=25000000
RCC.DIVQ4=6
RCC.DIVQ4Freq_Value=80000000
RCC.DIVR1Freq_Value=25000000
RCC.DIVR2=1
RCC.DIVR2Freq_Value=400000000
RCC.DIVR3Freq_Value=25000000
RCC.DIVR4=25
RCC.DIVR4Freq_Value=19200000
RCC.DSIFreq_Value=60000000
RCC.DSIPixelFreq_Value=80000000
RCC.DSITXEscFreq_Value=15000000
RCC.DSI_VALUE=60000000
RCC.ETHFreq_Value=120000000
RCC.FDCANFreq_Value=24000000
RCC.FMCFreq_Value=64000000
RCC.FamilyName=M
RCC.HSE_VALUE=24000000
RCC.HSIDivClkFreq_Value=64000000
RCC.HSI_VALUE=64000000
RCC.Hclk5DIVFreq_Value=64000000
RCC.Hclk6DIVFreq_Value=64000000
RCC.I2C12Freq_Value=64000000
RCC.I2C35Freq_Value=64000000
RCC.I2C46Freq_Value=64000000
RCC.IPParameters=ADCFreq_Value,AHB1234Freq_Value,APB1Freq_Value,APB2Freq_Value,APB3Freq_Value,APB4Freq_Value,APB5DIVClockFreq_Value,AXICLKFreq_VALUE,AXIDIVFreq_Value,CECFreq_Value,CKPERCLKFreq_VALUE,CSI_VALUE,CortexFreq_Value,DACCLKFreq_VALUE,DDRCFreq_Value,DDRPERFMFreq_Value,DDRPHYFreq_Value,DFSDFAFreq_Value,DFSDMFreq_Value,DIVM2,DIVM4,DIVN4,DIVP1Freq_Value,DIVP2Freq_Value,DIVP3Freq_Value,DIVP4,DIVP4Freq_Value,DIVQ1Freq_Value,DIVQ2,DIVQ2Freq_Value,DIVQ3Freq_Value,DIVQ4,DIVQ4Freq_Value,DIVR1Freq_Value,DIVR2,DIVR2Freq_Value,DIVR3Freq_Value,DIVR4,DIVR4Freq_Value,DSIFreq_Value,DSIPixelFreq_Value,DSITXEscFreq_Value,DSI_VALUE,ETHFreq_Value,FDCANFreq_Value,FMCFreq_Value,FamilyName,HSE_VALUE,HSIDivClkFreq_Value,HSI_VALUE,Hclk5DIVFreq_Value,Hclk6DIVFreq_Value,I2C12Freq_Value,I2C35Freq_Value,I2C46Freq_Value,LPTIM1Freq_Value,LPTIM23Freq_Value,LPTIM45Freq_Value,LSI_VALUE,LTDCFreq_Value,MCO1PinFreq_Value,MCO2PinFreq_Value,MCUCLKFreq_VALUE,MCUClockFreq_Value,MCUDIVCLKFreq_Value,MPUCLKFreq_VALUE,PLL1FRACV,PLL2FRACV,PLL3FRACV,PLL4FRACV,PLL4PDSIFreq_Value,PLLDSIFreq_Value,PLLDSIVCOFreq_Value,PUBLFreq_Value,QSPIFreq_Value,RNG1Freq_Value,RNG2Freq_Value,RTCFreq_Value,SAI1Freq_Value,SAI2Freq_Value,SAI3Freq_Value,SAI4Freq_Value,SDMMC12Freq_Value,SDMMC3Freq_Value,SPDIFRXFreq_Value,SPI1Freq_Value,SPI23Freq_Value,SPI45Freq_Value,SPI6Freq_Value,STGENFreq_Value,Tim1OutputFreq_Value,Tim2OutputFreq_Value,UART78Freq_Value,USART1Freq_Value,USART24Freq_Value,USART35Freq_Value,USART6Freq_Value,USBOHSFreq_Value,USBPHYFreq_Value,VCO1OutputFreq_Value,VCO2OutputFreq_Value,VCO3OutputFreq_Value,VCO4OutputFreq_Value,VCOInput1Freq_Value,VCOInput2Freq_Value,VCOInput3Freq_Value,VCOInput4Freq_Value
RCC.LPTIM1Freq_Value=64000000
RCC.LPTIM23Freq_Value=64000000
RCC.LPTIM45Freq_Value=64000000
RCC.LSI_VALUE=32000
RCC.LTDCFreq_Value=80000000
RCC.MCO1PinFreq_Value=64000000
RCC.MCO2PinFreq_Value=64000000
RCC.MCUCLKFreq_VALUE=64000000
RCC.MCUClockFreq_Value=64000000
RCC.MCUDIVCLKFreq_Value=64000000
RCC.MPUCLKFreq_VALUE=64000000
RCC.PLL1FRACV=0
RCC.PLL2FRACV=0
RCC.PLL3FRACV=0
RCC.PLL4FRACV=0
RCC.PLL4PDSIFreq_Value=120000000
RCC.PLLDSIFreq_Value=480000000
RCC.PLLDSIVCOFreq_Value=960000000
RCC.PUBLFreq_Value=400000000
RCC.QSPIFreq_Value=64000000
RCC.RNG1Freq_Value=4000000
RCC.RNG2Freq_Value=4000000
RCC.RTCFreq_Value=32000
RCC.SAI1Freq_Value=80000000
RCC.SAI2Freq_Value=80000000
RCC.SAI3Freq_Value=80000000
RCC.SAI4Freq_Value=80000000
RCC.SDMMC12Freq_Value=64000000
RCC.SDMMC3Freq_Value=64000000
RCC.SPDIFRXFreq_Value=120000000
RCC.SPI1Freq_Value=120000000
RCC.SPI23Freq_Value=120000000
RCC.SPI45Freq_Value=64000000
RCC.SPI6Freq_Value=64000000
RCC.STGENFreq_Value=64000000
RCC.Tim1OutputFreq_Value=64000000
RCC.Tim2OutputFreq_Value=64000000
RCC.UART78Freq_Value=64000000
RCC.USART1Freq_Value=64000000
RCC.USART24Freq_Value=64000000
RCC.USART35Freq_Value=64000000
RCC.USART6Freq_Value=64000000
RCC.USBOHSFreq_Value=19200000
RCC.USBPHYFreq_Value=19200000
RCC.VCO1OutputFreq_Value=100000000
RCC.VCO2OutputFreq_Value=800000000
RCC.VCO3OutputFreq_Value=50000000
RCC.VCO4OutputFreq_Value=480000000
RCC.VCOInput1Freq_Value=2000000
RCC.VCOInput2Freq_Value=16000000
RCC.VCOInput3Freq_Value=2000000
RCC.VCOInput4Freq_Value=16000000
SH.COMP_DAC11_group.0=DAC1_OUT1,DAC_OUT1
SH.COMP_DAC11_group.ConfNb=1
SH.COMP_DAC12_group.0=DAC1_OUT2,DAC_OUT2
SH.COMP_DAC12_group.ConfNb=1
SH.GPXTI9.0=DAC1_EXTI9,External-Trigger
SH.GPXTI9.ConfNb=1
SH.SharedStack_PC13.0=TAMP_OUT2
SH.SharedStack_PC13.1=PWR_WKUP3,WakeUp3
SH.SharedStack_PC13.ConfNb=2
SH.SharedStack_PD12.0=USART3_DE
SH.SharedStack_PD12.1=USART3_RTS,CTS_RTS
SH.SharedStack_PD12.ConfNb=2
SH.SharedStack_PH10.0=DCMI_D1
SH.SharedStack_PH10.1=TIM5_CH1,Xored_Inputs_Hall_Sensor_Interface
SH.SharedStack_PH10.ConfNb=2
SH.SharedStack_PH11.0=LTDC_R5
SH.SharedStack_PH11.1=TIM5_CH2,Xored_Inputs_Hall_Sensor_Interface
SH.SharedStack_PH11.ConfNb=2
SH.SharedStack_PH12.0=LTDC_R6
SH.SharedStack_PH12.1=TIM5_CH3,Xored_Inputs_Hall_Sensor_Interface
SH.SharedStack_PH12.ConfNb=2
SH.SharedStack_PH13.0=LTDC_G2
SH.SharedStack_PH13.1=TIM8_CH1N,PWM Generation1 CH1 CH1N
SH.SharedStack_PH13.ConfNb=2
SH.SharedStack_PH14.0=DCMI_D4
SH.SharedStack_PH14.1=TIM8_CH2N,Output Compare2 CH2 CH2N
SH.SharedStack_PH14.ConfNb=2
SH.SharedStack_PH8.0=DCMI_HSYNC
SH.SharedStack_PH8.1=TIM5_ETR,ClockSourceETR_Mode2
SH.SharedStack_PH8.ConfNb=2
SH.SharedStack_PI0.0=DCMI_D13
SH.SharedStack_PI0.1=TIM5_CH4,Input_Capture4_from_TI4
SH.SharedStack_PI0.ConfNb=2
SH.SharedStack_PI1.0=LTDC_G6
SH.SharedStack_PI1.1=TIM8_BKIN2,Activate-Break-Input-2
SH.SharedStack_PI1.ConfNb=2
SH.SharedStack_PI2.0=DCMI_D9
SH.SharedStack_PI2.1=TIM8_CH4
SH.SharedStack_PI2.ConfNb=2
SH.SharedStack_PI3.0=DCMI_D10
SH.SharedStack_PI3.1=TIM8_ETR,TriggerSource_ETR
SH.SharedStack_PI3.ConfNb=2
SH.SharedStack_PI5.0=DCMI_VSYNC
SH.SharedStack_PI5.1=TIM8_CH1,PWM Generation1 CH1 CH1N
SH.SharedStack_PI5.ConfNb=2
SH.SharedStack_PI6.0=DCMI_D6
SH.SharedStack_PI6.1=TIM8_CH2,Output Compare2 CH2 CH2N
SH.SharedStack_PI6.ConfNb=2
SH.SharedStack_PI8.0=TAMP_IN2
SH.SharedStack_PI8.1=PWR_WKUP4,WakeUp4
SH.SharedStack_PI8.ConfNb=2
SH.SharedStack_PK0.0=LTDC_G5
SH.SharedStack_PK0.1=TIM8_CH3,PWM Generation3 CH3 CH3N
SH.SharedStack_PK0.ConfNb=2
SH.SharedStack_PK2.0=LTDC_G7
SH.SharedStack_PK2.1=TIM8_BKIN,Activate-Break-Input
SH.SharedStack_PK2.ConfNb=2
SPI4.CalculateBaudRate=16.0 MBits/s
SPI4.Direction=SPI_DIRECTION_2LINES
SPI4.IPParameters=VirtualType,Mode,Direction,CalculateBaudRate,VirtualNSS
SPI4.Mode=SPI_MODE_MASTER
SPI4.VirtualNSS=VM_NSSHARD
SPI4.VirtualType=VM_MASTER
TIM5.Channel-Input_Capture4_from_TI4=TIM_CHANNEL_4
TIM5.IPParameters=Channel-Input_Capture4_from_TI4
TIM8.Channel-Output\ Compare2\ CH2\ CH2N=TIM_CHANNEL_2
TIM8.Channel-PWM\ Generation1\ CH1\ CH1N=TIM_CHANNEL_1
TIM8.Channel-PWM\ Generation3\ CH3\ CH3N=TIM_CHANNEL_3
TIM8.IPParameters=Channel-Output Compare2 CH2 CH2N,Channel-PWM Generation3 CH3 CH3N,Channel-PWM Generation1 CH1 CH1N
USART3.IPParameters=VirtualMode-Asynchronous
USART3.VirtualMode-Asynchronous=VM_ASYNC
USB_DM1.Mode=Enable
USB_DM1.Signal=USBH_HS1_DM
USB_DM2.Mode=Ext_Phy_OTG/Dual-Role-Device
USB_DM2.Signal=USB_OTG_HS_DM
USB_DP1.Mode=Enable
USB_DP1.Signal=USBH_HS1_DP
USB_DP2.Mode=Ext_Phy_OTG/Dual-Role-Device
USB_DP2.Signal=USB_OTG_HS_DP
VP_BSEC_VS_BSEC.Mode=BSEC_Activate
VP_BSEC_VS_BSEC.Signal=BSEC_VS_BSEC
VP_DDR_DDR3.Mode=DDR3
VP_DDR_DDR3.Signal=DDR_DDR3
VP_DDR_DDR3_32_8Gb.Mode=8Gb_32bits
VP_DDR_DDR3_32_8Gb.Signal=DDR_DDR3_32_8Gb
VP_DDR_DDR_32_bits.Mode=32bits
VP_DDR_DDR_32_bits.Signal=DDR_DDR_32_bits
VP_DMA_VS_DMA1_A7NS.Mode=CortexA7NS
VP_DMA_VS_DMA1_A7NS.Signal=DMA_VS_DMA1_A7NS
VP_DMA_VS_DMA2_M4.Mode=CortexM4
VP_DMA_VS_DMA2_M4.Signal=DMA_VS_DMA2_M4
VP_ETZPC_VS_ETZPC.Mode=ETZPC_Activate
VP_ETZPC_VS_ETZPC.Signal=ETZPC_VS_ETZPC
VP_GPU_VS_GPU.Mode=GPU_Activate
VP_GPU_VS_GPU.Signal=GPU_VS_GPU
VP_HSEM_VS_HSEM.Mode=HSEM_Activate
VP_HSEM_VS_HSEM.Signal=HSEM_VS_HSEM
VP_IPCC_VS_IPCC.Mode=IPCC_Activate
VP_IPCC_VS_IPCC.Signal=IPCC_VS_IPCC
VP_MDMA_VS_MDMA_A7NS_8.Mode=8\:8
VP_MDMA_VS_MDMA_A7NS_8.Signal=MDMA_VS_MDMA_A7NS_8
VP_RNG1_VS_RNG.Mode=RNG_Activate
VP_RNG1_VS_RNG.Signal=RNG1_VS_RNG
VP_RTC_VS_RTC_Activate.Mode=RTC_Enabled
VP_RTC_VS_RTC_Activate.Signal=RTC_VS_RTC_Activate
VP_SYS_VS_Systick.Mode=SysTick
VP_SYS_VS_Systick.Signal=SYS_VS_Systick
VP_TAMP_VS_TAMP_Activate.Mode=TAMP_Enabled
VP_TAMP_VS_TAMP_Activate.Signal=TAMP_VS_TAMP_Activate
VP_TIM8_VS_ClockSourceINT.Mode=Internal
VP_TIM8_VS_ClockSourceINT.Signal=TIM8_VS_ClockSourceINT
VP_TIM8_VS_ControllerModeReset.Mode=Reset Mode
VP_TIM8_VS_ControllerModeReset.Signal=TIM8_VS_ControllerModeReset
board=custom
